<?xml version="1.0" encoding="utf-8"?>
<Project ToolsVersion="4.0" xmlns="http://schemas.microsoft.com/developer/msbuild/2003">
  <ItemGroup>
    <Filter Include="Source Files">
      <UniqueIdentifier>{4FC737F1-C7A5-4376-A066-2A32D752A2FF}</UniqueIdentifier>
      <Extensions>cpp;c;cc;cxx;c++;cppm;ixx;def;odl;idl;hpj;bat;asm;asmx</Extensions>
    </Filter>
    <Filter Include="Header Files">
      <UniqueIdentifier>{93995380-89BD-4b04-88EB-625FBE52EBFB}</UniqueIdentifier>
      <Extensions>h;hh;hpp;hxx;h++;hm;inl;inc;ipp;xsd</Extensions>
    </Filter>
    <Filter Include="Resource Files">
      <UniqueIdentifier>{67DA6AB6-F800-4c08-8B7A-83BB121AAD01}</UniqueIdentifier>
      <Extensions>rc;ico;cur;bmp;dlg;rc2;rct;bin;rgs;gif;jpg;jpeg;jpe;resx;tiff;tif;png;wav;mfcribbon-ms</Extensions>
    </Filter>
    <Filter Include="Source Files\Engine">
      <UniqueIdentifier>{cb073a32-4af1-4086-b238-d0da882a1140}</UniqueIdentifier>
    </Filter>
    <Filter Include="Header Files\Engine">
      <UniqueIdentifier>{ea20faba-78c3-478b-99ab-e1df3c9dd38c}</UniqueIdentifier>
    </Filter>
    <Filter Include="Header Files\Engine\Lib">
      <UniqueIdentifier>{a0470bd3-452c-49f0-b44f-1f281e77b988}</UniqueIdentifier>
    </Filter>
    <Filter Include="Source Files\Engine\Lib">
      <UniqueIdentifier>{720c99e4-6633-44d2-9390-06435730f146}</UniqueIdentifier>
    </Filter>
    <Filter Include="Header Files\Engine\Test">
      <UniqueIdentifier>{28207d59-567c-4c55-81b7-497c3e93e25d}</UniqueIdentifier>
    </Filter>
    <Filter Include="Source Files\Engine\Test">
      <UniqueIdentifier>{6e686c0c-facf-4032-9fd9-253cd4c26f2f}</UniqueIdentifier>
    </Filter>
  </ItemGroup>
  <ItemGroup>
    <ClCompile Include="DodgeGameInstance.c">
      <Filter>Source Files</Filter>
    </ClCompile>
    <ClCompile Include="main.c">
      <Filter>Source Files</Filter>
    </ClCompile>
    <ClCompile Include="Player.c">
      <Filter>Source Files</Filter>
    </ClCompile>
    <ClCompile Include="Board.c">
      <Filter>Source Files\Engine</Filter>
    </ClCompile>
    <ClCompile Include="Collider.c">
      <Filter>Source Files\Engine</Filter>
    </ClCompile>
    <ClCompile Include="GameInstance.c">
      <Filter>Source Files\Engine</Filter>
    </ClCompile>
    <ClCompile Include="Screen.c">
      <Filter>Source Files\Engine</Filter>
    </ClCompile>
    <ClCompile Include="Sprite.c">
      <Filter>Source Files\Engine</Filter>
    </ClCompile>
    <ClCompile Include="Vector2D.c">
      <Filter>Source Files\Engine</Filter>
    </ClCompile>
    <ClCompile Include="WorldObject.c">
      <Filter>Source Files\Engine</Filter>
    </ClCompile>
    <ClCompile Include="PointerStack.c">
      <Filter>Source Files\Engine\Lib</Filter>
    </ClCompile>
    <ClCompile Include="Helper.c">
      <Filter>Source Files\Engine\Lib</Filter>
    </ClCompile>
    <ClCompile Include="Const.c">
      <Filter>Source Files</Filter>
    </ClCompile>
    <ClCompile Include="Test.c">
      <Filter>Source Files\Engine\Test</Filter>
    </ClCompile>
    <ClCompile Include="DirectionalBullet.c">
      <Filter>Source Files</Filter>
    </ClCompile>
    <ClCompile Include="IntQueue.c">
      <Filter>Source Files\Engine\Lib</Filter>
    </ClCompile>
    <ClCompile Include="CollisionInfo.c">
      <Filter>Source Files\Engine</Filter>
    </ClCompile>
    <ClCompile Include="Audio.c">
      <Filter>Source Files\Engine</Filter>
    </ClCompile>
    <ClCompile Include="AudioClip.c">
      <Filter>Source Files\Engine</Filter>
    </ClCompile>
    <ClCompile Include="WarningSign.c">
      <Filter>Source Files</Filter>
    </ClCompile>
    <ClCompile Include="Boss_DogeMusk.c">
      <Filter>Source Files</Filter>
    </ClCompile>
    <ClCompile Include="LinearBullet.c">
      <Filter>Source Files</Filter>
    </ClCompile>
  </ItemGroup>
  <ItemGroup>
    <ClInclude Include="Const.h">
      <Filter>Header Files</Filter>
    </ClInclude>
    <ClInclude Include="Player.h">
      <Filter>Header Files</Filter>
    </ClInclude>
    <ClInclude Include="Board.h">
      <Filter>Header Files\Engine</Filter>
    </ClInclude>
    <ClInclude Include="Collider.h">
      <Filter>Header Files\Engine</Filter>
    </ClInclude>
    <ClInclude Include="Screen.h">
      <Filter>Header Files\Engine</Filter>
    </ClInclude>
    <ClInclude Include="Sprite.h">
      <Filter>Header Files\Engine</Filter>
    </ClInclude>
    <ClInclude Include="Vector2D.h">
      <Filter>Header Files\Engine</Filter>
    </ClInclude>
    <ClInclude Include="WorldObject.h">
      <Filter>Header Files\Engine</Filter>
    </ClInclude>
    <ClInclude Include="DodgeGameInstance.h">
      <Filter>Header Files</Filter>
    </ClInclude>
    <ClInclude Include="GameInstance.h">
      <Filter>Header Files\Engine</Filter>
    </ClInclude>
    <ClInclude Include="Helper.h">
      <Filter>Header Files\Engine\Lib</Filter>
    </ClInclude>
    <ClInclude Include="PointerStack.h">
      <Filter>Header Files\Engine\Lib</Filter>
    </ClInclude>
    <ClInclude Include="Test.h">
      <Filter>Header Files\Engine\Test</Filter>
    </ClInclude>
    <ClInclude Include="DirectionalBullet.h">
      <Filter>Header Files</Filter>
    </ClInclude>
    <ClInclude Include="IntQueue.h">
      <Filter>Header Files\Engine\Lib</Filter>
    </ClInclude>
    <ClInclude Include="CollisionInfo.h">
      <Filter>Header Files\Engine</Filter>
    </ClInclude>
    <ClInclude Include="Audio.h">
      <Filter>Header Files</Filter>
    </ClInclude>
    <ClInclude Include="AudioClip.h">
      <Filter>Header Files\Engine</Filter>
    </ClInclude>
    <ClInclude Include="WarningSign.h">
      <Filter>Header Files</Filter>
    </ClInclude>
    <ClInclude Include="Boss_DogeMusk.h">
      <Filter>Source Files</Filter>
    </ClInclude>
    <ClInclude Include="LinearBullet.h">
      <Filter>Header Files</Filter>
    </ClInclude>
  </ItemGroup>
</Project>